
Microsoft Visual Studio Solution File, Format Version 12.00
# Visual Studio Version 17
VisualStudioVersion = 17.11.35327.3
MinimumVisualStudioVersion = 10.0.40219.1
Project("{9A19103F-16F7-4668-BE54-9A1E7A4F7556}") = "MpTrainer", "MpTrainer\MpTrainer.csproj", "{402731E5-BAD6-4410-93A0-64174C314AF1}"
EndProject
Global
	GlobalSection(SolutionConfigurationPlatforms) = preSolution
		Debug|Any CPU = Debug|Any CPU
		Debug|x86 = Debug|x86
		Release|Any CPU = Release|Any CPU
		Release|x86 = Release|x86
	EndGlobalSection
	GlobalSection(ProjectConfigurationPlatforms) = postSolution
		{402731E5-BAD6-4410-93A0-64174C314AF1}.Debug|Any CPU.ActiveCfg = Debug|Any CPU
		{402731E5-BAD6-4410-93A0-64174C314AF1}.Debug|Any CPU.Build.0 = Debug|Any CPU
		{402731E5-BAD6-4410-93A0-64174C314AF1}.Debug|x86.ActiveCfg = Debug|x86
		{402731E5-BAD6-4410-93A0-64174C314AF1}.Debug|x86.Build.0 = Debug|x86
		{402731E5-BAD6-4410-93A0-64174C314AF1}.Release|Any CPU.ActiveCfg = Release|Any CPU
		{402731E5-BAD6-4410-93A0-64174C314AF1}.Release|Any CPU.Build.0 = Release|Any CPU
		{402731E5-BAD6-4410-93A0-64174C314AF1}.Release|x86.ActiveCfg = Release|x86
		{402731E5-BAD6-4410-93A0-64174C314AF1}.Release|x86.Build.0 = Release|x86
	EndGlobalSection
	GlobalSection(SolutionProperties) = preSolution
		HideSolutionNode = FALSE
	EndGlobalSection
	GlobalSection(ExtensibilityGlobals) = postSolution
		SolutionGuid = {BA8BEED0-EF8E-4380-B0B7-DF5987132B24}
	EndGlobalSection
EndGlobal
